
Microsoft Visual Studio Solution File, Format Version 12.00
# Visual Studio Version 17
VisualStudioVersion = 17.14.36017.23 d17.14
MinimumVisualStudioVersion = 10.0.40219.1
Project("{FAE04EC0-301F-11D3-BF4B-00C04F79EFBC}") = "Mansa.Web", "Mansa.Web\Mansa.Web.csproj", "{750AACEB-2AFC-43C7-88FA-A65E9D88BDFD}"
EndProject
Global
	GlobalSection(SolutionConfigurationPlatforms) = preSolution
		Debug|Any CPU = Debug|Any CPU
		Release|Any CPU = Release|Any CPU
	EndGlobalSection
	GlobalSection(ProjectConfigurationPlatforms) = postSolution
		{750AACEB-2AFC-43C7-88FA-A65E9D88BDFD}.Debug|Any CPU.ActiveCfg = Debug|Any CPU
		{750AACEB-2AFC-43C7-88FA-A65E9D88BDFD}.Debug|Any CPU.Build.0 = Debug|Any CPU
		{750AACEB-2AFC-43C7-88FA-A65E9D88BDFD}.Release|Any CPU.ActiveCfg = Release|Any CPU
		{750AACEB-2AFC-43C7-88FA-A65E9D88BDFD}.Release|Any CPU.Build.0 = Release|Any CPU
	EndGlobalSection
	GlobalSection(SolutionProperties) = preSolution
		HideSolutionNode = FALSE
	EndGlobalSection
	GlobalSection(ExtensibilityGlobals) = postSolution
		SolutionGuid = {8161045B-99E5-4E1C-9437-D33EF8FAFC02}
	EndGlobalSection
EndGlobal
